dependencies:
- name: mongodb
  repository: https://charts.bitnami.com/bitnami
  version: 13.0.0
- name: redis
  repository: https://charts.bitnami.com/bitnami
  version: 17.0.1
- name: kafka
  repository: https://charts.bitnami.com/bitnami
  version: 23.0.7
- name: clickhouse
  repository: https://charts.bitnami.com/bitnami
  version: 3.6.8
digest: sha256:5216820a0c78b79a1baed297e1c0c0d76ad528fa22ff41d4fd44d109da552ce7
generated: "2023-08-22T23:09:12.331683+02:00"
