dependencies:
- name: mongodb
  repository: https://groundhog2k.github.io/helm-charts/
  version: 0.6.3
- name: redis
  repository: https://charts.bitnami.com/bitnami
  version: 18.12.1
- name: kafka
  repository: https://charts.bitnami.com/bitnami
  version: 26.8.5
- name: clickhouse
  repository: https://charts.bitnami.com/bitnami
  version: 4.5.4
- name: postgresql
  repository: https://charts.bitnami.com/bitnami
  version: 14.0.5
digest: sha256:af54deb4e372ec591207a7534934f7b0bb881c63c1c18e663c2959f254eea885
generated: "2025-12-20T00:09:47.4964999+08:00"
