dependencies:
- name: mongodb
  repository: https://groundhog2k.github.io/helm-charts/
  version: 0.6.2
- name: redis
  repository: https://charts.bitnami.com/bitnami
  version: 17.0.1
- name: kafka
  repository: https://charts.bitnami.com/bitnami
  version: 23.0.7
- name: clickhouse
  repository: https://charts.bitnami.com/bitnami
  version: 3.6.8
digest: sha256:53402193e59d5eeadc35e1066896671269bea829e0e969ac372befcabf740620
generated: "2024-01-15T22:12:19.83632+01:00"
